// !$*UTF8*$!
{
	archiveVersion = 1;
	classes = {
	};
	objectVersion = 46;
	objects = {

/* Begin PBXBuildFile section */
		3BE946951A8EF20A003AAC4A /* AppDelegate.swift in Sources */ = {isa = PBXBuildFile; fileRef = 3BE946941A8EF20A003AAC4A /* AppDelegate.swift */; };
		3BE946971A8EF20A003AAC4A /* ViewController.swift in Sources */ = {isa = PBXBuildFile; fileRef = 3BE946961A8EF20A003AAC4A /* ViewController.swift */; };
		3BE9469A1A8EF20A003AAC4A /* Main.storyboard in Resources */ = {isa = PBXBuildFile; fileRef = 3BE946981A8EF20A003AAC4A /* Main.storyboard */; };
		3BE9469C1A8EF20A003AAC4A /* Images.xcassets in Resources */ = {isa = PBXBuildFile; fileRef = 3BE9469B1A8EF20A003AAC4A /* Images.xcassets */; };
		3BE9469F1A8EF20A003AAC4A /* LaunchScreen.xib in Resources */ = {isa = PBXBuildFile; fileRef = 3BE9469D1A8EF20A003AAC4A /* LaunchScreen.xib */; };
		3BE946AB1A8EF20A003AAC4A /* UILocalNotificationTests.swift in Sources */ = {isa = PBXBuildFile; fileRef = 3BE946AA1A8EF20A003AAC4A /* UILocalNotificationTests.swift */; };
/* End PBXBuildFile section */

/* Begin PBXContainerItemProxy section */
		3BE946A51A8EF20A003AAC4A /* PBXContainerItemProxy */ = {
			isa = PBXContainerItemProxy;
			containerPortal = 3BE946871A8EF20A003AAC4A /* Project object */;
			proxyType = 1;
			remoteGlobalIDString = 3BE9468E1A8EF20A003AAC4A;
			remoteInfo = UILocalNotification;
		};
/* End PBXContainerItemProxy section */

/* Begin PBXFileReference section */
		3BE9468F1A8EF20A003AAC4A /* UILocalNotification.app */ = {isa = PBXFileReference; explicitFileType = wrapper.application; includeInIndex = 0; path = UILocalNotification.app; sourceTree = BUILT_PRODUCTS_DIR; };
		3BE946931A8EF20A003AAC4A /* Info.plist */ = {isa = PBXFileReference; lastKnownFileType = text.plist.xml; path = Info.plist; sourceTree = "<group>"; };
		3BE946941A8EF20A003AAC4A /* AppDelegate.swift */ = {isa = PBXFileReference; lastKnownFileType = sourcecode.swift; path = AppDelegate.swift; sourceTree = "<group>"; };
		3BE946961A8EF20A003AAC4A /* ViewController.swift */ = {isa = PBXFileReference; lastKnownFileType = sourcecode.swift; path = ViewController.swift; sourceTree = "<group>"; };
		3BE946991A8EF20A003AAC4A /* Base */ = {isa = PBXFileReference; lastKnownFileType = file.storyboard; name = Base; path = Base.lproj/Main.storyboard; sourceTree = "<group>"; };
		3BE9469B1A8EF20A003AAC4A /* Images.xcassets */ = {isa = PBXFileReference; lastKnownFileType = folder.assetcatalog; path = Images.xcassets; sourceTree = "<group>"; };
		3BE9469E1A8EF20A003AAC4A /* Base */ = {isa = PBXFileReference; lastKnownFileType = file.xib; name = Base; path = Base.lproj/LaunchScreen.xib; sourceTree = "<group>"; };
		3BE946A41A8EF20A003AAC4A /* UILocalNotificationTests.xctest */ = {isa = PBXFileReference; explicitFileType = wrapper.cfbundle; includeInIndex = 0; path = UILocalNotificationTests.xctest; sourceTree = BUILT_PRODUCTS_DIR; };
		3BE946A91A8EF20A003AAC4A /* Info.plist */ = {isa = PBXFileReference; lastKnownFileType = text.plist.xml; path = Info.plist; sourceTree = "<group>"; };
		3BE946AA1A8EF20A003AAC4A /* UILocalNotificationTests.swift */ = {isa = PBXFileReference; lastKnownFileType = sourcecode.swift; path = UILocalNotificationTests.swift; sourceTree = "<group>"; };
/* End PBXFileReference section */

/* Begin PBXFrameworksBuildPhase section */
		3BE9468C1A8EF20A003AAC4A /* Frameworks */ = {
			isa = PBXFrameworksBuildPhase;
			buildActionMask = 2147483647;
			files = (
			);
			runOnlyForDeploymentPostprocessing = 0;
		};
		3BE946A11A8EF20A003AAC4A /* Frameworks */ = {
			isa = PBXFrameworksBuildPhase;
			buildActionMask = 2147483647;
			files = (
			);
			runOnlyForDeploymentPostprocessing = 0;
		};
/* End PBXFrameworksBuildPhase section */

/* Begin PBXGroup section */
		3BE946861A8EF20A003AAC4A = {
			isa = PBXGroup;
			children = (
				3BE946911A8EF20A003AAC4A /* UILocalNotification */,
				3BE946A71A8EF20A003AAC4A /* UILocalNotificationTests */,
				3BE946901A8EF20A003AAC4A /* Products */,
			);
			sourceTree = "<group>";
		};
		3BE946901A8EF20A003AAC4A /* Products */ = {
			isa = PBXGroup;
			children = (
				3BE9468F1A8EF20A003AAC4A /* UILocalNotification.app */,
				3BE946A41A8EF20A003AAC4A /* UILocalNotificationTests.xctest */,
			);
			name = Products;
			sourceTree = "<group>";
		};
		3BE946911A8EF20A003AAC4A /* UILocalNotification */ = {
			isa = PBXGroup;
			children = (
				3BE946941A8EF20A003AAC4A /* AppDelegate.swift */,
				3BE946961A8EF20A003AAC4A /* ViewController.swift */,
				3BE946981A8EF20A003AAC4A /* Main.storyboard */,
				3BE9469B1A8EF20A003AAC4A /* Images.xcassets */,
				3BE9469D1A8EF20A003AAC4A /* LaunchScreen.xib */,
				3BE946921A8EF20A003AAC4A /* Supporting Files */,
			);
			path = UILocalNotification;
			sourceTree = "<group>";
		};
		3BE946921A8EF20A003AAC4A /* Supporting Files */ = {
			isa = PBXGroup;
			children = (
				3BE946931A8EF20A003AAC4A /* Info.plist */,
			);
			name = "Supporting Files";
			sourceTree = "<group>";
		};
		3BE946A71A8EF20A003AAC4A /* UILocalNotificationTests */ = {
			isa = PBXGroup;
			children = (
				3BE946AA1A8EF20A003AAC4A /* UILocalNotificationTests.swift */,
				3BE946A81A8EF20A003AAC4A /* Supporting Files */,
			);
			path = UILocalNotificationTests;
			sourceTree = "<group>";
		};
		3BE946A81A8EF20A003AAC4A /* Supporting Files */ = {
			isa = PBXGroup;
			children = (
				3BE946A91A8EF20A003AAC4A /* Info.plist */,
			);
			name = "Supporting Files";
			sourceTree = "<group>";
		};
/* End PBXGroup section */

/* Begin PBXNativeTarget section */
		3BE9468E1A8EF20A003AAC4A /* UILocalNotification */ = {
			isa = PBXNativeTarget;
			buildConfigurationList = 3BE946AE1A8EF20A003AAC4A /* Build configuration list for PBXNativeTarget "UILocalNotification" */;
			buildPhases = (
				3BE9468B1A8EF20A003AAC4A /* Sources */,
				3BE9468C1A8EF20A003AAC4A /* Frameworks */,
				3BE9468D1A8EF20A003AAC4A /* Resources */,
			);
			buildRules = (
			);
			dependencies = (
			);
			name = UILocalNotification;
			productName = UILocalNotification;
			productReference = 3BE9468F1A8EF20A003AAC4A /* UILocalNotification.app */;
			productType = "com.apple.product-type.application";
		};
		3BE946A31A8EF20A003AAC4A /* UILocalNotificationTests */ = {
			isa = PBXNativeTarget;
			buildConfigurationList = 3BE946B11A8EF20A003AAC4A /* Build configuration list for PBXNativeTarget "UILocalNotificationTests" */;
			buildPhases = (
				3BE946A01A8EF20A003AAC4A /* Sources */,
				3BE946A11A8EF20A003AAC4A /* Frameworks */,
				3BE946A21A8EF20A003AAC4A /* Resources */,
			);
			buildRules = (
			);
			dependencies = (
				3BE946A61A8EF20A003AAC4A /* PBXTargetDependency */,
			);
			name = UILocalNotificationTests;
			productName = UILocalNotificationTests;
			productReference = 3BE946A41A8EF20A003AAC4A /* UILocalNotificationTests.xctest */;
			productType = "com.apple.product-type.bundle.unit-test";
		};
/* End PBXNativeTarget section */

/* Begin PBXProject section */
		3BE946871A8EF20A003AAC4A /* Project object */ = {
			isa = PBXProject;
			attributes = {
				LastUpgradeCheck = 0610;
				ORGANIZATIONNAME = jayang;
				TargetAttributes = {
					3BE9468E1A8EF20A003AAC4A = {
						CreatedOnToolsVersion = 6.1.1;
					};
					3BE946A31A8EF20A003AAC4A = {
						CreatedOnToolsVersion = 6.1.1;
						TestTargetID = 3BE9468E1A8EF20A003AAC4A;
					};
				};
			};
			buildConfigurationList = 3BE9468A1A8EF20A003AAC4A /* Build configuration list for PBXProject "UILocalNotification" */;
			compatibilityVersion = "Xcode 3.2";
			developmentRegion = English;
			hasScannedForEncodings = 0;
			knownRegions = (
				en,
				Base,
			);
			mainGroup = 3BE946861A8EF20A003AAC4A;
			productRefGroup = 3BE946901A8EF20A003AAC4A /* Products */;
			projectDirPath = "";
			projectRoot = "";
			targets = (
				3BE9468E1A8EF20A003AAC4A /* UILocalNotification */,
				3BE946A31A8EF20A003AAC4A /* UILocalNotificationTests */,
			);
		};
/* End PBXProject section */

/* Begin PBXResourcesBuildPhase section */
		3BE9468D1A8EF20A003AAC4A /* Resources */ = {
			isa = PBXResourcesBuildPhase;
			buildActionMask = 2147483647;
			files = (
				3BE9469A1A8EF20A003AAC4A /* Main.storyboard in Resources */,
				3BE9469F1A8EF20A003AAC4A /* LaunchScreen.xib in Resources */,
				3BE9469C1A8EF20A003AAC4A /* Images.xcassets in Resources */,
			);
			runOnlyForDeploymentPostprocessing = 0;
		};
		3BE946A21A8EF20A003AAC4A /* Resources */ = {
			isa = PBXResourcesBuildPhase;
			buildActionMask = 2147483647;
			files = (
			);
			runOnlyForDeploymentPostprocessing = 0;
		};
/* End PBXResourcesBuildPhase section */

/* Begin PBXSourcesBuildPhase section */
		3BE9468B1A8EF20A003AAC4A /* Sources */ = {
			isa = PBXSourcesBuildPhase;
			buildActionMask = 2147483647;
			files = (
				3BE946971A8EF20A003AAC4A /* ViewController.swift in Sources */,
				3BE946951A8EF20A003AAC4A /* AppDelegate.swift in Sources */,
			);
			runOnlyForDeploymentPostprocessing = 0;
		};
		3BE946A01A8EF20A003AAC4A /* Sources */ = {
			isa = PBXSourcesBuildPhase;
			buildActionMask = 2147483647;
			files = (
				3BE946AB1A8EF20A003AAC4A /* UILocalNotificationTests.swift in Sources */,
			);
			runOnlyForDeploymentPostprocessing = 0;
		};
/* End PBXSourcesBuildPhase section */

/* Begin PBXTargetDependency section */
		3BE946A61A8EF20A003AAC4A /* PBXTargetDependency */ = {
			isa = PBXTargetDependency;
			target = 3BE9468E1A8EF20A003AAC4A /* UILocalNotification */;
			targetProxy = 3BE946A51A8EF20A003AAC4A /* PBXContainerItemProxy */;
		};
/* End PBXTargetDependency section */

/* Begin PBXVariantGroup section */
		3BE946981A8EF20A003AAC4A /* Main.storyboard */ = {
			isa = PBXVariantGroup;
			children = (
				3BE946991A8EF20A003AAC4A /* Base */,
			);
			name = Main.storyboard;
			sourceTree = "<group>";
		};
		3BE9469D1A8EF20A003AAC4A /* LaunchScreen.xib */ = {
			isa = PBXVariantGroup;
			children = (
				3BE9469E1A8EF20A003AAC4A /* Base */,
			);
			name = LaunchScreen.xib;
			sourceTree = "<group>";
		};
/* End PBXVariantGroup section */

/* Begin XCBuildConfiguration section */
		3BE946AC1A8EF20A003AAC4A /* Debug */ = {
			isa = XCBuildConfiguration;
			buildSettings = {
				ALWAYS_SEARCH_USER_PATHS = NO;
				CLANG_CXX_LANGUAGE_STANDARD = "gnu++0x";
				CLANG_CXX_LIBRARY = "libc++";
				CLANG_ENABLE_MODULES = YES;
				CLANG_ENABLE_OBJC_ARC = YES;
				CLANG_WARN_BOOL_CONVERSION = YES;
				CLANG_WARN_CONSTANT_CONVERSION = YES;
				CLANG_WARN_DIRECT_OBJC_ISA_USAGE = YES_ERROR;
				CLANG_WARN_EMPTY_BODY = YES;
				CLANG_WARN_ENUM_CONVERSION = YES;
				CLANG_WARN_INT_CONVERSION = YES;
				CLANG_WARN_OBJC_ROOT_CLASS = YES_ERROR;
				CLANG_WARN_UNREACHABLE_CODE = YES;
				CLANG_WARN__DUPLICATE_METHOD_MATCH = YES;
				"CODE_SIGN_IDENTITY[sdk=iphoneos*]" = "iPhone Developer";
				COPY_PHASE_STRIP = NO;
				ENABLE_STRICT_OBJC_MSGSEND = YES;
				GCC_C_LANGUAGE_STANDARD = gnu99;
				GCC_DYNAMIC_NO_PIC = NO;
				GCC_OPTIMIZATION_LEVEL = 0;
				GCC_PREPROCESSOR_DEFINITIONS = (
					"DEBUG=1",
					"$(inherited)",
				);
				GCC_SYMBOLS_PRIVATE_EXTERN = NO;
				GCC_WARN_64_TO_32_BIT_CONVERSION = YES;
				GCC_WARN_ABOUT_RETURN_TYPE = YES_ERROR;
				GCC_WARN_UNDECLARED_SELECTOR = YES;
				GCC_WARN_UNINITIALIZED_AUTOS = YES_AGGRESSIVE;
				GCC_WARN_UNUSED_FUNCTION = YES;
				GCC_WARN_UNUSED_VARIABLE = YES;
				IPHONEOS_DEPLOYMENT_TARGET = 8.1;
				MTL_ENABLE_DEBUG_INFO = YES;
				ONLY_ACTIVE_ARCH = YES;
				SDKROOT = iphoneos;
				SWIFT_OPTIMIZATION_LEVEL = "-Onone";
				TARGETED_DEVICE_FAMILY = "1,2";
			};
			name = Debug;
		};
		3BE946AD1A8EF20A003AAC4A /* Release */ = {
			isa = XCBuildConfiguration;
			buildSettings = {
				ALWAYS_SEARCH_USER_PATHS = NO;
				CLANG_CXX_LANGUAGE_STANDARD = "gnu++0x";
				CLANG_CXX_LIBRARY = "libc++";
				CLANG_ENABLE_MODULES = YES;
				CLANG_ENABLE_OBJC_ARC = YES;
				CLANG_WARN_BOOL_CONVERSION = YES;
				CLANG_WARN_CONSTANT_CONVERSION = YES;
				CLANG_WARN_DIRECT_OBJC_ISA_USAGE = YES_ERROR;
				CLANG_WARN_EMPTY_BODY = YES;
				CLANG_WARN_ENUM_CONVERSION = YES;
				CLANG_WARN_INT_CONVERSION = YES;
				CLANG_WARN_OBJC_ROOT_CLASS = YES_ERROR;
				CLANG_WARN_UNREACHABLE_CODE = YES;
				CLANG_WARN__DUPLICATE_METHOD_MATCH = YES;
				"CODE_SIGN_IDENTITY[sdk=iphoneos*]" = "iPhone Developer";
				COPY_PHASE_STRIP = YES;
				ENABLE_NS_ASSERTIONS = NO;
				ENABLE_STRICT_OBJC_MSGSEND = YES;
				GCC_C_LANGUAGE_STANDARD = gnu99;
				GCC_WARN_64_TO_32_BIT_CONVERSION = YES;
				GCC_WARN_ABOUT_RETURN_TYPE = YES_ERROR;
				GCC_WARN_UNDECLARED_SELECTOR = YES;
				GCC_WARN_UNINITIALIZED_AUTOS = YES_AGGRESSIVE;
				GCC_WARN_UNUSED_FUNCTION = YES;
				GCC_WARN_UNUSED_VARIABLE = YES;
				IPHONEOS_DEPLOYMENT_TARGET = 8.1;
				MTL_ENABLE_DEBUG_INFO = NO;
				SDKROOT = iphoneos;
				TARGETED_DEVICE_FAMILY = "1,2";
				VALIDATE_PRODUCT = YES;
			};
			name = Release;
		};
		3BE946AF1A8EF20A003AAC4A /* Debug */ = {
			isa = XCBuildConfiguration;
			buildSettings = {
				ASSETCATALOG_COMPILER_APPICON_NAME = AppIcon;
				INFOPLIST_FILE = UILocalNotification/Info.plist;
				LD_RUNPATH_SEARCH_PATHS = "$(inherited) @executable_path/Frameworks";
				PRODUCT_NAME = "$(TARGET_NAME)";
			};
			name = Debug;
		};
		3BE946B01A8EF20A003AAC4A /* Release */ = {
			isa = XCBuildConfiguration;
			buildSettings = {
				ASSETCATALOG_COMPILER_APPICON_NAME = AppIcon;
				INFOPLIST_FILE = UILocalNotification/Info.plist;
				LD_RUNPATH_SEARCH_PATHS = "$(inherited) @executable_path/Frameworks";
				PRODUCT_NAME = "$(TARGET_NAME)";
			};
			name = Release;
		};
		3BE946B21A8EF20A003AAC4A /* Debug */ = {
			isa = XCBuildConfiguration;
			buildSettings = {
				BUNDLE_LOADER = "$(TEST_HOST)";
				FRAMEWORK_SEARCH_PATHS = (
					"$(SDKROOT)/Developer/Library/Frameworks",
					"$(inherited)",
				);
				GCC_PREPROCESSOR_DEFINITIONS = (
					"DEBUG=1",
					"$(inherited)",
				);
				INFOPLIST_FILE = UILocalNotificationTests/Info.plist;
				LD_RUNPATH_SEARCH_PATHS = "$(inherited) @executable_path/Frameworks @loader_path/Frameworks";
				PRODUCT_NAME = "$(TARGET_NAME)";
				TEST_HOST = "$(BUILT_PRODUCTS_DIR)/UILocalNotification.app/UILocalNotification";
			};
			name = Debug;
		};
		3BE946B31A8EF20A003AAC4A /* Release */ = {
			isa = XCBuildConfiguration;
			buildSettings = {
				BUNDLE_LOADER = "$(TEST_HOST)";
				FRAMEWORK_SEARCH_PATHS = (
					"$(SDKROOT)/Developer/Library/Frameworks",
					"$(inherited)",
				);
				INFOPLIST_FILE = UILocalNotificationTests/Info.plist;
				LD_RUNPATH_SEARCH_PATHS = "$(inherited) @executable_path/Frameworks @loader_path/Frameworks";
				PRODUCT_NAME = "$(TARGET_NAME)";
				TEST_HOST = "$(BUILT_PRODUCTS_DIR)/UILocalNotification.app/UILocalNotification";
			};
			name = Release;
		};
/* End XCBuildConfiguration section */

/* Begin XCConfigurationList section */
		3BE9468A1A8EF20A003AAC4A /* Build configuration list for PBXProject "UILocalNotification" */ = {
			isa = XCConfigurationList;
			buildConfigurations = (
				3BE946AC1A8EF20A003AAC4A /* Debug */,
				3BE946AD1A8EF20A003AAC4A /* Release */,
			);
			defaultConfigurationIsVisible = 0;
			defaultConfigurationName = Release;
		};
		3BE946AE1A8EF20A003AAC4A /* Build configuration list for PBXNativeTarget "UILocalNotification" */ = {
			isa = XCConfigurationList;
			buildConfigurations = (
				3BE946AF1A8EF20A003AAC4A /* Debug */,
				3BE946B01A8EF20A003AAC4A /* Release */,
			);
			defaultConfigurationIsVisible = 0;
		};
		3BE946B11A8EF20A003AAC4A /* Build configuration list for PBXNativeTarget "UILocalNotificationTests" */ = {
			isa = XCConfigurationList;
			buildConfigurations = (
				3BE946B21A8EF20A003AAC4A /* Debug */,
				3BE946B31A8EF20A003AAC4A /* Release */,
			);
			defaultConfigurationIsVisible = 0;
		};
/* End XCConfigurationList section */
	};
	rootObject = 3BE946871A8EF20A003AAC4A /* Project object */;
}
